
Microsoft Visual Studio Solution File, Format Version 12.00
# Visual Studio Version 17
VisualStudioVersion = 17.0.31903.59
MinimumVisualStudioVersion = 10.0.40219.1
Project("{FAE04EC0-301F-11D3-BF4B-00C04F79EFBC}") = "TreeCounterAddin", "src\TreeCounterAddin\TreeCounterAddin.csproj", "{B6E6C6B1-6A2C-4A2E-9F3D-1A2B3C4D5E6F}"
EndProject
Project("{2150E333-8FDC-42A3-9474-1A3956D46DE8}") = "src", "src", "{827E0CD3-B72D-47B6-A68D-7590B98EB39B}"
EndProject
Project("{FAE04EC0-301F-11D3-BF4B-00C04F79EFBC}") = "ForestryToolkit.MathTests", "src\ForestryToolkit.MathTests\ForestryToolkit.MathTests.csproj", "{7FA36A81-98C3-4A02-BE99-D73F13600771}"
EndProject
Global
	GlobalSection(SolutionConfigurationPlatforms) = preSolution
		Debug|x64 = Debug|x64
		Debug|Any CPU = Debug|Any CPU
		Debug|x86 = Debug|x86
		Release|x64 = Release|x64
		Release|Any CPU = Release|Any CPU
		Release|x86 = Release|x86
	EndGlobalSection
	GlobalSection(ProjectConfigurationPlatforms) = postSolution
		{B6E6C6B1-6A2C-4A2E-9F3D-1A2B3C4D5E6F}.Debug|x64.ActiveCfg = Debug|x64
		{B6E6C6B1-6A2C-4A2E-9F3D-1A2B3C4D5E6F}.Debug|x64.Build.0 = Debug|x64
		{B6E6C6B1-6A2C-4A2E-9F3D-1A2B3C4D5E6F}.Debug|Any CPU.ActiveCfg = Debug|Any CPU
		{B6E6C6B1-6A2C-4A2E-9F3D-1A2B3C4D5E6F}.Debug|Any CPU.Build.0 = Debug|Any CPU
		{B6E6C6B1-6A2C-4A2E-9F3D-1A2B3C4D5E6F}.Debug|x86.ActiveCfg = Debug|Any CPU
		{B6E6C6B1-6A2C-4A2E-9F3D-1A2B3C4D5E6F}.Debug|x86.Build.0 = Debug|Any CPU
		{B6E6C6B1-6A2C-4A2E-9F3D-1A2B3C4D5E6F}.Release|x64.ActiveCfg = Release|x64
		{B6E6C6B1-6A2C-4A2E-9F3D-1A2B3C4D5E6F}.Release|x64.Build.0 = Release|x64
		{B6E6C6B1-6A2C-4A2E-9F3D-1A2B3C4D5E6F}.Release|Any CPU.ActiveCfg = Release|Any CPU
		{B6E6C6B1-6A2C-4A2E-9F3D-1A2B3C4D5E6F}.Release|Any CPU.Build.0 = Release|Any CPU
		{B6E6C6B1-6A2C-4A2E-9F3D-1A2B3C4D5E6F}.Release|x86.ActiveCfg = Release|Any CPU
		{B6E6C6B1-6A2C-4A2E-9F3D-1A2B3C4D5E6F}.Release|x86.Build.0 = Release|Any CPU
		{7FA36A81-98C3-4A02-BE99-D73F13600771}.Debug|x64.ActiveCfg = Debug|Any CPU
		{7FA36A81-98C3-4A02-BE99-D73F13600771}.Debug|x64.Build.0 = Debug|Any CPU
		{7FA36A81-98C3-4A02-BE99-D73F13600771}.Debug|Any CPU.ActiveCfg = Debug|Any CPU
		{7FA36A81-98C3-4A02-BE99-D73F13600771}.Debug|Any CPU.Build.0 = Debug|Any CPU
		{7FA36A81-98C3-4A02-BE99-D73F13600771}.Debug|x86.ActiveCfg = Debug|Any CPU
		{7FA36A81-98C3-4A02-BE99-D73F13600771}.Debug|x86.Build.0 = Debug|Any CPU
		{7FA36A81-98C3-4A02-BE99-D73F13600771}.Release|x64.ActiveCfg = Release|Any CPU
		{7FA36A81-98C3-4A02-BE99-D73F13600771}.Release|x64.Build.0 = Release|Any CPU
		{7FA36A81-98C3-4A02-BE99-D73F13600771}.Release|Any CPU.ActiveCfg = Release|Any CPU
		{7FA36A81-98C3-4A02-BE99-D73F13600771}.Release|Any CPU.Build.0 = Release|Any CPU
		{7FA36A81-98C3-4A02-BE99-D73F13600771}.Release|x86.ActiveCfg = Release|Any CPU
		{7FA36A81-98C3-4A02-BE99-D73F13600771}.Release|x86.Build.0 = Release|Any CPU
	EndGlobalSection
	GlobalSection(SolutionProperties) = preSolution
		HideSolutionNode = FALSE
	EndGlobalSection
	GlobalSection(NestedProjects) = preSolution
		{7FA36A81-98C3-4A02-BE99-D73F13600771} = {827E0CD3-B72D-47B6-A68D-7590B98EB39B}
	EndGlobalSection
EndGlobal
